{
  "lockfile_version": "1",
  "packages": {
    "deno@latest": {
      "last_modified": "2023-06-29T16:20:38Z",
      "resolved": "github:NixOS/nixpkgs/3c614fbc76fc152f3e1bc4b2263da6d90adf80fb#deno",
      "source": "devbox-search",
      "version": "1.34.2"
    },
    "gh@latest": {
      "last_modified": "2023-06-29T16:20:38Z",
      "resolved": "github:NixOS/nixpkgs/3c614fbc76fc152f3e1bc4b2263da6d90adf80fb#gh",
      "source": "devbox-search",
      "version": "2.31.0"
    },
    "nodejs@18.16": {
      "last_modified": "2023-05-01T16:53:22Z",
      "resolved": "github:NixOS/nixpkgs/8670e496ffd093b60e74e7fa53526aa5920d09eb#nodejs_18",
      "version": "18.16.0"
    }
  }
}
